
Microsoft Visual Studio Solution File, Format Version 12.00
# Visual Studio Version 17
VisualStudioVersion = 17.9.34728.123
MinimumVisualStudioVersion = 10.0.40219.1
Project("{9A19103F-16F7-4668-BE54-9A1E7A4F7556}") = "UIFrameworkCSharp", "UIFrameworkCSharp.csproj", "{1823E76D-7CC1-4A20-B034-949D776DD70D}"
EndProject
Global
	GlobalSection(SolutionConfigurationPlatforms) = preSolution
		Debug|Any CPU = Debug|Any CPU
		Release|Any CPU = Release|Any CPU
	EndGlobalSection
	GlobalSection(ProjectConfigurationPlatforms) = postSolution
		{1823E76D-7CC1-4A20-B034-949D776DD70D}.Debug|Any CPU.ActiveCfg = Debug|Any CPU
		{1823E76D-7CC1-4A20-B034-949D776DD70D}.Debug|Any CPU.Build.0 = Debug|Any CPU
		{1823E76D-7CC1-4A20-B034-949D776DD70D}.Release|Any CPU.ActiveCfg = Release|Any CPU
		{1823E76D-7CC1-4A20-B034-949D776DD70D}.Release|Any CPU.Build.0 = Release|Any CPU
	EndGlobalSection
	GlobalSection(SolutionProperties) = preSolution
		HideSolutionNode = FALSE
	EndGlobalSection
	GlobalSection(ExtensibilityGlobals) = postSolution
		SolutionGuid = {750F54D1-2C56-4746-BB0D-32FDE9F38CDD}
	EndGlobalSection
EndGlobal
